# This file is generated by running "yarn install" inside your project.
# Manual changes might be lost - proceed with caution!

__metadata:
  version: 4
  cacheKey: 7

"@types/module-alias@npm:^2.0.0":
  version: 2.0.0
  resolution: "@types/module-alias@npm:2.0.0"
  checksum: d25152dbe86a70c32844bfa3ef882b4c6e2456c016486596c0ffa8e541b095791c95042e3e06b44a91e6306c5d75232c317d12a71771e4767d69f2e5f8c1df80
  languageName: node
  linkType: hard

"@types/node@npm:^14.14.28":
  version: 14.14.28
  resolution: "@types/node@npm:14.14.28"
  checksum: e750df4d5e93c639d04100e7d54d9e416ecc649d4d7951ac1d5b82d092c556f6e7775a191995e06d6def65ae7bc25533d188fe122dc660724d119ce3ddae2cea
  languageName: node
  linkType: hard

"module-alias@npm:^2.2.2":
  version: 2.2.2
  resolution: "module-alias@npm:2.2.2"
  checksum: 1b37943df4fbe56799688eb3496f5113f7f1e18ff7a53bd3543e93fd4ee6c4b04e1548fc0cb49ae73e086b18ee712ab3321f6d7f5444cf413c638914decb8918
  languageName: node
  linkType: hard

"ts-surf-api@workspace:.":
  version: 0.0.0-use.local
  resolution: "ts-surf-api@workspace:."
  dependencies:
    "@types/module-alias": ^2.0.0
    "@types/node": ^14.14.28
    module-alias: ^2.2.2
    typescript: ^4.1.5
  languageName: unknown
  linkType: soft

typescript@^4.1.5:
  version: 4.1.5
  resolution: "typescript@npm:4.1.5"
  bin:
    tsc: bin/tsc
    tsserver: bin/tsserver
  checksum: 29157c84426ac94ce97aac836264f303a26bd9fb30865650229e3406a36ca2e89735ef4b8878075ba1b95fa4d3ff9810057b64888700c28e20b4034a6db4da83
  languageName: node
  linkType: hard

"typescript@patch:typescript@^4.1.5#builtin<compat/typescript>":
  version: 4.1.5
  resolution: "typescript@patch:typescript@npm%3A4.1.5#builtin<compat/typescript>::version=4.1.5&hash=cc6730"
  bin:
    tsc: bin/tsc
    tsserver: bin/tsserver
  checksum: 58cc7786be0f8485c124944883b1384287532e4867ec37f1fb5cb2811dbc10f7a9decccad89097f924043285f3515bfd8223c61dbb4f88af00b2d8dc2ef73207
  languageName: node
  linkType: hard
